
Microsoft Visual Studio Solution File, Format Version 12.00
# Visual Studio Version 17
VisualStudioVersion = 17.11.35327.3
MinimumVisualStudioVersion = 10.0.40219.1
Project("{9A19103F-16F7-4668-BE54-9A1E7A4F7556}") = "ICT.Strypes.Api", "ICT.Strypes.Api\ICT.Strypes.Api.csproj", "{76240E66-F505-4897-BF0F-36E2200552AA}"
EndProject
Project("{9A19103F-16F7-4668-BE54-9A1E7A4F7556}") = "ICT.Strypes.Business", "ICT.Strypes.Business\ICT.Strypes.Business.csproj", "{3968B26B-8A19-4981-9CF0-781912618027}"
EndProject
Project("{9A19103F-16F7-4668-BE54-9A1E7A4F7556}") = "ICT.Strypes.Domain", "ICT.Strypes.Domain\ICT.Strypes.Domain.csproj", "{EE5C6804-88F5-47E4-BA88-57843E126327}"
EndProject
Project("{9A19103F-16F7-4668-BE54-9A1E7A4F7556}") = "ICT.Strypes.Infrastructure", "ICT.Strypes.Infrastructure\ICT.Strypes.Infrastructure.csproj", "{C1123EF5-C3A6-44BD-893A-951DA43A55F0}"
EndProject
Project("{FAE04EC0-301F-11D3-BF4B-00C04F79EFBC}") = "ICT.Strypes.UnitTests", "ICT.Strypes.UnitTests\ICT.Strypes.UnitTests.csproj", "{C52F7702-4D88-4AF4-9D41-94F072C2D99F}"
EndProject
Global
	GlobalSection(SolutionConfigurationPlatforms) = preSolution
		Debug|Any CPU = Debug|Any CPU
		Release|Any CPU = Release|Any CPU
	EndGlobalSection
	GlobalSection(ProjectConfigurationPlatforms) = postSolution
		{76240E66-F505-4897-BF0F-36E2200552AA}.Debug|Any CPU.ActiveCfg = Debug|Any CPU
		{76240E66-F505-4897-BF0F-36E2200552AA}.Debug|Any CPU.Build.0 = Debug|Any CPU
		{76240E66-F505-4897-BF0F-36E2200552AA}.Release|Any CPU.ActiveCfg = Release|Any CPU
		{76240E66-F505-4897-BF0F-36E2200552AA}.Release|Any CPU.Build.0 = Release|Any CPU
		{3968B26B-8A19-4981-9CF0-781912618027}.Debug|Any CPU.ActiveCfg = Debug|Any CPU
		{3968B26B-8A19-4981-9CF0-781912618027}.Debug|Any CPU.Build.0 = Debug|Any CPU
		{3968B26B-8A19-4981-9CF0-781912618027}.Release|Any CPU.ActiveCfg = Release|Any CPU
		{3968B26B-8A19-4981-9CF0-781912618027}.Release|Any CPU.Build.0 = Release|Any CPU
		{EE5C6804-88F5-47E4-BA88-57843E126327}.Debug|Any CPU.ActiveCfg = Debug|Any CPU
		{EE5C6804-88F5-47E4-BA88-57843E126327}.Debug|Any CPU.Build.0 = Debug|Any CPU
		{EE5C6804-88F5-47E4-BA88-57843E126327}.Release|Any CPU.ActiveCfg = Release|Any CPU
		{EE5C6804-88F5-47E4-BA88-57843E126327}.Release|Any CPU.Build.0 = Release|Any CPU
		{C1123EF5-C3A6-44BD-893A-951DA43A55F0}.Debug|Any CPU.ActiveCfg = Debug|Any CPU
		{C1123EF5-C3A6-44BD-893A-951DA43A55F0}.Debug|Any CPU.Build.0 = Debug|Any CPU
		{C1123EF5-C3A6-44BD-893A-951DA43A55F0}.Release|Any CPU.ActiveCfg = Release|Any CPU
		{C1123EF5-C3A6-44BD-893A-951DA43A55F0}.Release|Any CPU.Build.0 = Release|Any CPU
		{C52F7702-4D88-4AF4-9D41-94F072C2D99F}.Debug|Any CPU.ActiveCfg = Debug|Any CPU
		{C52F7702-4D88-4AF4-9D41-94F072C2D99F}.Debug|Any CPU.Build.0 = Debug|Any CPU
		{C52F7702-4D88-4AF4-9D41-94F072C2D99F}.Release|Any CPU.ActiveCfg = Release|Any CPU
		{C52F7702-4D88-4AF4-9D41-94F072C2D99F}.Release|Any CPU.Build.0 = Release|Any CPU
	EndGlobalSection
	GlobalSection(SolutionProperties) = preSolution
		HideSolutionNode = FALSE
	EndGlobalSection
	GlobalSection(ExtensibilityGlobals) = postSolution
		SolutionGuid = {B8A133CF-AED7-46CD-A261-B1DA33B34A5E}
	EndGlobalSection
EndGlobal
